
Microsoft Visual Studio Solution File, Format Version 12.00
Project("{FAE04EC0-301F-11D3-BF4B-00C04F79EFBC}") = "Lab11BarredaPintoZoriel", "Lab11BarredaPintoZoriel\Lab11BarredaPintoZoriel.csproj", "{93BFE0BE-5405-41D7-B949-CF1E01C2154E}"
EndProject
Project("{FAE04EC0-301F-11D3-BF4B-00C04F79EFBC}") = "Lab11BarredaPintoZoriel.Application", "Lab11BarredaPintoZoriel.Application\Lab11BarredaPintoZoriel.Application.csproj", "{B7EDD43B-18ED-48D5-83D0-D2BBAB0AAD35}"
EndProject
Project("{FAE04EC0-301F-11D3-BF4B-00C04F79EFBC}") = "Lab11BarredaPintoZoriel.Domain", "Lab11BarredaPintoZoriel.Domain\Lab11BarredaPintoZoriel.Domain.csproj", "{6D8B0A99-3CF2-4150-A4C9-B73D107955E9}"
EndProject
Project("{FAE04EC0-301F-11D3-BF4B-00C04F79EFBC}") = "Lab11BarredaPintoZoriel.Infrastructure", "Lab11BarredaPintoZoriel.Infrastructure\Lab11BarredaPintoZoriel.Infrastructure.csproj", "{B57A0238-4FF1-4DF1-BBC4-0B03A62EE604}"
EndProject
Global
	GlobalSection(SolutionConfigurationPlatforms) = preSolution
		Debug|Any CPU = Debug|Any CPU
		Release|Any CPU = Release|Any CPU
	EndGlobalSection
	GlobalSection(ProjectConfigurationPlatforms) = postSolution
		{93BFE0BE-5405-41D7-B949-CF1E01C2154E}.Debug|Any CPU.ActiveCfg = Debug|Any CPU
		{93BFE0BE-5405-41D7-B949-CF1E01C2154E}.Debug|Any CPU.Build.0 = Debug|Any CPU
		{93BFE0BE-5405-41D7-B949-CF1E01C2154E}.Release|Any CPU.ActiveCfg = Release|Any CPU
		{93BFE0BE-5405-41D7-B949-CF1E01C2154E}.Release|Any CPU.Build.0 = Release|Any CPU
		{B7EDD43B-18ED-48D5-83D0-D2BBAB0AAD35}.Debug|Any CPU.ActiveCfg = Debug|Any CPU
		{B7EDD43B-18ED-48D5-83D0-D2BBAB0AAD35}.Debug|Any CPU.Build.0 = Debug|Any CPU
		{B7EDD43B-18ED-48D5-83D0-D2BBAB0AAD35}.Release|Any CPU.ActiveCfg = Release|Any CPU
		{B7EDD43B-18ED-48D5-83D0-D2BBAB0AAD35}.Release|Any CPU.Build.0 = Release|Any CPU
		{6D8B0A99-3CF2-4150-A4C9-B73D107955E9}.Debug|Any CPU.ActiveCfg = Debug|Any CPU
		{6D8B0A99-3CF2-4150-A4C9-B73D107955E9}.Debug|Any CPU.Build.0 = Debug|Any CPU
		{6D8B0A99-3CF2-4150-A4C9-B73D107955E9}.Release|Any CPU.ActiveCfg = Release|Any CPU
		{6D8B0A99-3CF2-4150-A4C9-B73D107955E9}.Release|Any CPU.Build.0 = Release|Any CPU
		{B57A0238-4FF1-4DF1-BBC4-0B03A62EE604}.Debug|Any CPU.ActiveCfg = Debug|Any CPU
		{B57A0238-4FF1-4DF1-BBC4-0B03A62EE604}.Debug|Any CPU.Build.0 = Debug|Any CPU
		{B57A0238-4FF1-4DF1-BBC4-0B03A62EE604}.Release|Any CPU.ActiveCfg = Release|Any CPU
		{B57A0238-4FF1-4DF1-BBC4-0B03A62EE604}.Release|Any CPU.Build.0 = Release|Any CPU
	EndGlobalSection
EndGlobal
